
Microsoft Visual Studio Solution File, Format Version 12.00
# Visual Studio Version 17
VisualStudioVersion = 17.12.35521.163 d17.12
MinimumVisualStudioVersion = 10.0.40219.1
Project("{FAE04EC0-301F-11D3-BF4B-00C04F79EFBC}") = "Presentation.ConsoleApp", "Presentation.ConsoleApp\Presentation.ConsoleApp.csproj", "{BAE6A184-010F-47FD-A791-6509F2B6E623}"
EndProject
Project("{FAE04EC0-301F-11D3-BF4B-00C04F79EFBC}") = "Business", "Business\Business.csproj", "{C491F4AF-BD2B-4BEE-A4D5-F2DE96914600}"
EndProject
Global
	GlobalSection(SolutionConfigurationPlatforms) = preSolution
		Debug|Any CPU = Debug|Any CPU
		Release|Any CPU = Release|Any CPU
	EndGlobalSection
	GlobalSection(ProjectConfigurationPlatforms) = postSolution
		{BAE6A184-010F-47FD-A791-6509F2B6E623}.Debug|Any CPU.ActiveCfg = Debug|Any CPU
		{BAE6A184-010F-47FD-A791-6509F2B6E623}.Debug|Any CPU.Build.0 = Debug|Any CPU
		{BAE6A184-010F-47FD-A791-6509F2B6E623}.Release|Any CPU.ActiveCfg = Release|Any CPU
		{BAE6A184-010F-47FD-A791-6509F2B6E623}.Release|Any CPU.Build.0 = Release|Any CPU
		{C491F4AF-BD2B-4BEE-A4D5-F2DE96914600}.Debug|Any CPU.ActiveCfg = Debug|Any CPU
		{C491F4AF-BD2B-4BEE-A4D5-F2DE96914600}.Debug|Any CPU.Build.0 = Debug|Any CPU
		{C491F4AF-BD2B-4BEE-A4D5-F2DE96914600}.Release|Any CPU.ActiveCfg = Release|Any CPU
		{C491F4AF-BD2B-4BEE-A4D5-F2DE96914600}.Release|Any CPU.Build.0 = Release|Any CPU
	EndGlobalSection
	GlobalSection(SolutionProperties) = preSolution
		HideSolutionNode = FALSE
	EndGlobalSection
EndGlobal
